# THIS IS AN AUTOGENERATED FILE. DO NOT EDIT THIS FILE DIRECTLY.
# yarn lockfile v1


"@babel/polyfill@7.0.0-beta.39":
  version "7.0.0-beta.39"
  resolved "https://registry.yarnpkg.com/@babel/polyfill/-/polyfill-7.0.0-beta.39.tgz#3711a88b11f5982b936d5a60f239410ce75c6529"
  dependencies:
    core-js "^2.5.3"
    regenerator-runtime "^0.11.1"

"@protobufjs/aspromise@^1.1.1", "@protobufjs/aspromise@^1.1.2":
  version "1.1.2"
  resolved "https://registry.yarnpkg.com/@protobufjs/aspromise/-/aspromise-1.1.2.tgz#9b8b0cc663d669a7d8f6f5d0893a14d348f30fbf"

"@protobufjs/base64@^1.1.2":
  version "1.1.2"
  resolved "https://registry.yarnpkg.com/@protobufjs/base64/-/base64-1.1.2.tgz#4c85730e59b9a1f1f349047dbf24296034bb2735"

"@protobufjs/codegen@^2.0.4":
  version "2.0.4"
  resolved "https://registry.yarnpkg.com/@protobufjs/codegen/-/codegen-2.0.4.tgz#7ef37f0d010fb028ad1ad59722e506d9262815cb"

"@protobufjs/eventemitter@^1.1.0":
  version "1.1.0"
  resolved "https://registry.yarnpkg.com/@protobufjs/eventemitter/-/eventemitter-1.1.0.tgz#355cbc98bafad5978f9ed095f397621f1d066b70"

"@protobufjs/fetch@^1.1.0":
  version "1.1.0"
  resolved "https://registry.yarnpkg.com/@protobufjs/fetch/-/fetch-1.1.0.tgz#ba99fb598614af65700c1619ff06d454b0d84c45"
  dependencies:
    "@protobufjs/aspromise" "^1.1.1"
    "@protobufjs/inquire" "^1.1.0"

"@protobufjs/float@^1.0.2":
  version "1.0.2"
  resolved "https://registry.yarnpkg.com/@protobufjs/float/-/float-1.0.2.tgz#5e9e1abdcb73fc0a7cb8b291df78c8cbd97b87d1"

"@protobufjs/inquire@^1.1.0":
  version "1.1.0"
  resolved "https://registry.yarnpkg.com/@protobufjs/inquire/-/inquire-1.1.0.tgz#ff200e3e7cf2429e2dcafc1140828e8cc638f089"

"@protobufjs/path@^1.1.2":
  version "1.1.2"
  resolved "https://registry.yarnpkg.com/@protobufjs/path/-/path-1.1.2.tgz#6cc2b20c5c9ad6ad0dccfd21ca7673d8d7fbf68d"

"@protobufjs/pool@^1.1.0":
  version "1.1.0"
  resolved "https://registry.yarnpkg.com/@protobufjs/pool/-/pool-1.1.0.tgz#09fd15f2d6d3abfa9b65bc366506d6ad7846ff54"

"@protobufjs/utf8@^1.1.0":
  version "1.1.0"
  resolved "https://registry.yarnpkg.com/@protobufjs/utf8/-/utf8-1.1.0.tgz#a777360b5b39a1a2e5106f8e858f2fd2d060c570"

"@types/long@^3.0.32":
  version "3.0.32"
  resolved "https://registry.yarnpkg.com/@types/long/-/long-3.0.32.tgz#f4e5af31e9e9b196d8e5fca8a5e2e20aa3d60b69"

"@types/node@^8.9.4":
  version "8.9.5"
  resolved "https://registry.yarnpkg.com/@types/node/-/node-8.9.5.tgz#162b864bc70be077e6db212b322754917929e976"

acorn@^5.0.0:
  version "5.5.3"
  resolved "https://registry.yarnpkg.com/acorn/-/acorn-5.5.3.tgz#f473dd47e0277a08e28e9bec5aeeb04751f0b8c9"

adnn@^2.0.10:
  version "2.0.10"
  resolved "https://registry.yarnpkg.com/adnn/-/adnn-2.0.10.tgz#4e3bc9b077562f53ce00c16d0e80dd9649eb842b"

ajv@^5.1.0:
  version "5.5.2"
  resolved "https://registry.yarnpkg.com/ajv/-/ajv-5.5.2.tgz#73b5eeca3fab653e3d3f9422b341ad42205dc965"
  dependencies:
    co "^4.6.0"
    fast-deep-equal "^1.0.0"
    fast-json-stable-stringify "^2.0.0"
    json-schema-traverse "^0.3.0"

algebrite@^0.2.23:
  version "0.2.23"
  resolved "https://registry.yarnpkg.com/algebrite/-/algebrite-0.2.23.tgz#e0490d7c6ea7ddb0dc46fc98d1026415dfe2d853"
  dependencies:
    big-integer "^1.6.15"

align-text@^0.1.1, align-text@^0.1.3:
  version "0.1.4"
  resolved "https://registry.yarnpkg.com/align-text/-/align-text-0.1.4.tgz#0cd90a561093f35d0a99256c22b7069433fad117"
  dependencies:
    kind-of "^3.0.2"
    longest "^1.0.1"
    repeat-string "^1.5.2"

amdefine@>=0.0.4:
  version "1.0.1"
  resolved "https://registry.yarnpkg.com/amdefine/-/amdefine-1.0.1.tgz#4a5282ac164729e93619bcfd3ad151f817ce91f5"

asn1@~0.2.3:
  version "0.2.3"
  resolved "https://registry.yarnpkg.com/asn1/-/asn1-0.2.3.tgz#dac8787713c9966849fc8180777ebe9c1ddf3b86"

assert-plus@1.0.0, assert-plus@^1.0.0:
  version "1.0.0"
  resolved "https://registry.yarnpkg.com/assert-plus/-/assert-plus-1.0.0.tgz#f12e0f3c5d77b0b1cdd9146942e4e96c1e4dd525"

asynckit@^0.4.0:
  version "0.4.0"
  resolved "https://registry.yarnpkg.com/asynckit/-/asynckit-0.4.0.tgz#c79ed97f7f34cb8f2ba1bc9790bcc366474b4b79"

aws-sign2@~0.7.0:
  version "0.7.0"
  resolved "https://registry.yarnpkg.com/aws-sign2/-/aws-sign2-0.7.0.tgz#b46e890934a9591f2d2f6f86d7e6a9f1b3fe76a8"

aws4@^1.6.0:
  version "1.6.0"
  resolved "https://registry.yarnpkg.com/aws4/-/aws4-1.6.0.tgz#83ef5ca860b2b32e4a0deedee8c771b9db57471e"

axios@^0.17.1:
  version "0.17.1"
  resolved "https://registry.yarnpkg.com/axios/-/axios-0.17.1.tgz#2d8e3e5d0bdbd7327f91bc814f5c57660f81824d"
  dependencies:
    follow-redirects "^1.2.5"
    is-buffer "^1.1.5"

bcrypt-pbkdf@^1.0.0:
  version "1.0.1"
  resolved "https://registry.yarnpkg.com/bcrypt-pbkdf/-/bcrypt-pbkdf-1.0.1.tgz#63bc5dcb61331b92bc05fd528953c33462a06f8d"
  dependencies:
    tweetnacl "^0.14.3"

big-integer@^1.6.15:
  version "1.6.26"
  resolved "https://registry.yarnpkg.com/big-integer/-/big-integer-1.6.26.tgz#3af1672fa62daf2d5ecafacf6e5aa0d25e02c1c8"

bignumber.js@^2.1.0:
  version "2.4.0"
  resolved "https://registry.yarnpkg.com/bignumber.js/-/bignumber.js-2.4.0.tgz#838a992da9f9d737e0f4b2db0be62bb09dd0c5e8"

bit-twiddle@^1.0.0, bit-twiddle@^1.0.2:
  version "1.0.2"
  resolved "https://registry.yarnpkg.com/bit-twiddle/-/bit-twiddle-1.0.2.tgz#0c6c1fabe2b23d17173d9a61b7b7093eb9e1769e"

bluebird@^3.5.1:
  version "3.5.1"
  resolved "https://registry.yarnpkg.com/bluebird/-/bluebird-3.5.1.tgz#d9551f9de98f1fcda1e683d17ee91a0602ee2eb9"

bmp-js@0.0.3:
  version "0.0.3"
  resolved "https://registry.yarnpkg.com/bmp-js/-/bmp-js-0.0.3.tgz#64113e9c7cf1202b376ed607bf30626ebe57b18a"

boom@4.x.x:
  version "4.3.1"
  resolved "https://registry.yarnpkg.com/boom/-/boom-4.3.1.tgz#4f8a3005cb4a7e3889f749030fd25b96e01d2e31"
  dependencies:
    hoek "4.x.x"

boom@5.x.x:
  version "5.2.0"
  resolved "https://registry.yarnpkg.com/boom/-/boom-5.2.0.tgz#5dd9da6ee3a5f302077436290cb717d3f4a54e02"
  dependencies:
    hoek "4.x.x"

buffer-equal@0.0.1:
  version "0.0.1"
  resolved "https://registry.yarnpkg.com/buffer-equal/-/buffer-equal-0.0.1.tgz#91bc74b11ea405bc916bc6aa908faafa5b4aac4b"

camelcase@^1.0.2:
  version "1.2.1"
  resolved "https://registry.yarnpkg.com/camelcase/-/camelcase-1.2.1.tgz#9bb5304d2e0b56698b2c758b08a3eaa9daa58a39"

caseless@~0.12.0:
  version "0.12.0"
  resolved "https://registry.yarnpkg.com/caseless/-/caseless-0.12.0.tgz#1b681c21ff84033c826543090689420d187151dc"

center-align@^0.1.1:
  version "0.1.3"
  resolved "https://registry.yarnpkg.com/center-align/-/center-align-0.1.3.tgz#aa0d32629b6ee972200411cbd4461c907bc2b7ad"
  dependencies:
    align-text "^0.1.3"
    lazy-cache "^1.0.3"

cliui@^2.1.0:
  version "2.1.0"
  resolved "https://registry.yarnpkg.com/cliui/-/cliui-2.1.0.tgz#4b475760ff80264c762c3a1719032e91c7fea0d1"
  dependencies:
    center-align "^0.1.1"
    right-align "^0.1.1"
    wordwrap "0.0.2"

co@^4.6.0:
  version "4.6.0"
  resolved "https://registry.yarnpkg.com/co/-/co-4.6.0.tgz#6ea6bdf3d853ae54ccb8e47bfa0bf3f9031fb184"

combined-stream@1.0.6, combined-stream@~1.0.5:
  version "1.0.6"
  resolved "https://registry.yarnpkg.com/combined-stream/-/combined-stream-1.0.6.tgz#723e7df6e801ac5613113a7e445a9b69cb632818"
  dependencies:
    delayed-stream "~1.0.0"

concat-stream@~1.6.0:
  version "1.6.1"
  resolved "https://registry.yarnpkg.com/concat-stream/-/concat-stream-1.6.1.tgz#261b8f518301f1d834e36342b9fea095d2620a26"
  dependencies:
    inherits "^2.0.3"
    readable-stream "^2.2.2"
    typedarray "^0.0.6"

convnetjs@^0.3.0:
  version "0.3.0"
  resolved "https://registry.yarnpkg.com/convnetjs/-/convnetjs-0.3.0.tgz#2392948ed8fe67bc57de4dbcff3423a127e7c0f5"

core-js@^2.5.3:
  version "2.5.3"
  resolved "https://registry.yarnpkg.com/core-js/-/core-js-2.5.3.tgz#8acc38345824f16d8365b7c9b4259168e8ed603e"

core-util-is@1.0.2, core-util-is@~1.0.0:
  version "1.0.2"
  resolved "https://registry.yarnpkg.com/core-util-is/-/core-util-is-1.0.2.tgz#b5fd54220aa2bc5ab57aab7140c940754503c1a7"

cryptiles@3.x.x:
  version "3.1.2"
  resolved "https://registry.yarnpkg.com/cryptiles/-/cryptiles-3.1.2.tgz#a89fbb220f5ce25ec56e8c4aa8a4fd7b5b0d29fe"
  dependencies:
    boom "5.x.x"

cwise-compiler@^1.0.0, cwise-compiler@^1.1.1:
  version "1.1.3"
  resolved "https://registry.yarnpkg.com/cwise-compiler/-/cwise-compiler-1.1.3.tgz#f4d667410e850d3a313a7d2db7b1e505bb034cc5"
  dependencies:
    uniq "^1.0.0"

cwise-parser@^1.0.0:
  version "1.0.3"
  resolved "https://registry.yarnpkg.com/cwise-parser/-/cwise-parser-1.0.3.tgz#8e493c17d54f97cb030a9e9854bc86c9dfb354fe"
  dependencies:
    esprima "^1.0.3"
    uniq "^1.0.0"

cwise@^1.0.1, cwise@^1.0.10, cwise@^1.0.4, cwise@^1.0.7:
  version "1.0.10"
  resolved "https://registry.yarnpkg.com/cwise/-/cwise-1.0.10.tgz#24eee6072ebdfd6b8c6f5dadb17090b649b12bef"
  dependencies:
    cwise-compiler "^1.1.1"
    cwise-parser "^1.0.0"
    static-module "^1.0.0"
    uglify-js "^2.6.0"

dashdash@^1.12.0:
  version "1.14.1"
  resolved "https://registry.yarnpkg.com/dashdash/-/dashdash-1.14.1.tgz#853cfa0f7cbe2fed5de20326b8dd581035f6e2f0"
  dependencies:
    assert-plus "^1.0.0"

debug@^3.1.0:
  version "3.1.0"
  resolved "https://registry.yarnpkg.com/debug/-/debug-3.1.0.tgz#5bb5a0672628b64149566ba16819e61518c67261"
  dependencies:
    ms "2.0.0"

decamelize@^1.0.0:
  version "1.2.0"
  resolved "https://registry.yarnpkg.com/decamelize/-/decamelize-1.2.0.tgz#f6534d15148269b20352e7bee26f501f9a191290"

deeplearn@^0.5.1:
  version "0.5.1"
  resolved "https://registry.yarnpkg.com/deeplearn/-/deeplearn-0.5.1.tgz#6b58cf27a1df66093dccbd6ae3ea862ebe03c965"
  dependencies:
    seedrandom "~2.4.3"
    utf8 "~2.1.2"

delayed-stream@~1.0.0:
  version "1.0.0"
  resolved "https://registry.yarnpkg.com/delayed-stream/-/delayed-stream-1.0.0.tgz#df3ae199acadfb7d440aaae0b29e2272b24ec619"

dnn@^0.1.0:
  version "0.1.0"
  resolved "https://registry.yarnpkg.com/dnn/-/dnn-0.1.0.tgz#e3c28ada4460a4e361901db58f959bea742ef736"

dom-walk@^0.1.0:
  version "0.1.1"
  resolved "https://registry.yarnpkg.com/dom-walk/-/dom-walk-0.1.1.tgz#672226dc74c8f799ad35307df936aba11acd6018"

dup@^1.0.0:
  version "1.0.0"
  resolved "https://registry.yarnpkg.com/dup/-/dup-1.0.0.tgz#51fc5ac685f8196469df0b905e934b20af5b4029"

duplexer2@~0.0.2:
  version "0.0.2"
  resolved "https://registry.yarnpkg.com/duplexer2/-/duplexer2-0.0.2.tgz#c614dcf67e2fb14995a91711e5a617e8a60a31db"
  dependencies:
    readable-stream "~1.1.9"

ecc-jsbn@~0.1.1:
  version "0.1.1"
  resolved "https://registry.yarnpkg.com/ecc-jsbn/-/ecc-jsbn-0.1.1.tgz#0fc73a9ed5f0d53c38193398523ef7e543777505"
  dependencies:
    jsbn "~0.1.0"

es6-promise@^3.0.2:
  version "3.3.1"
  resolved "https://registry.yarnpkg.com/es6-promise/-/es6-promise-3.3.1.tgz#a08cdde84ccdbf34d027a1451bc91d4bcd28a613"

escodegen@~0.0.24:
  version "0.0.28"
  resolved "https://registry.yarnpkg.com/escodegen/-/escodegen-0.0.28.tgz#0e4ff1715f328775d6cab51ac44a406cd7abffd3"
  dependencies:
    esprima "~1.0.2"
    estraverse "~1.3.0"
  optionalDependencies:
    source-map ">= 0.1.2"

escodegen@~1.3.2:
  version "1.3.3"
  resolved "https://registry.yarnpkg.com/escodegen/-/escodegen-1.3.3.tgz#f024016f5a88e046fd12005055e939802e6c5f23"
  dependencies:
    esprima "~1.1.1"
    estraverse "~1.5.0"
    esutils "~1.0.0"
  optionalDependencies:
    source-map "~0.1.33"

esprima@^1.0.3:
  version "1.2.5"
  resolved "https://registry.yarnpkg.com/esprima/-/esprima-1.2.5.tgz#0993502feaf668138325756f30f9a51feeec11e9"

esprima@~1.0.2:
  version "1.0.4"
  resolved "https://registry.yarnpkg.com/esprima/-/esprima-1.0.4.tgz#9f557e08fc3b4d26ece9dd34f8fbf476b62585ad"

esprima@~1.1.1:
  version "1.1.1"
  resolved "https://registry.yarnpkg.com/esprima/-/esprima-1.1.1.tgz#5b6f1547f4d102e670e140c509be6771d6aeb549"

estraverse@~1.3.0:
  version "1.3.2"
  resolved "https://registry.yarnpkg.com/estraverse/-/estraverse-1.3.2.tgz#37c2b893ef13d723f276d878d60d8535152a6c42"

estraverse@~1.5.0:
  version "1.5.1"
  resolved "https://registry.yarnpkg.com/estraverse/-/estraverse-1.5.1.tgz#867a3e8e58a9f84618afb6c2ddbcd916b7cbaf71"

esutils@~1.0.0:
  version "1.0.0"
  resolved "https://registry.yarnpkg.com/esutils/-/esutils-1.0.0.tgz#8151d358e20c8acc7fb745e7472c0025fe496570"

eventemitter3@^3.0.1:
  version "3.0.1"
  resolved "https://registry.yarnpkg.com/eventemitter3/-/eventemitter3-3.0.1.tgz#4ce66c3fc5b5a6b9f2245e359e1938f1ab10f960"

exif-parser@^0.1.9:
  version "0.1.12"
  resolved "https://registry.yarnpkg.com/exif-parser/-/exif-parser-0.1.12.tgz#58a9d2d72c02c1f6f02a0ef4a9166272b7760922"

extend@~3.0.1:
  version "3.0.1"
  resolved "https://registry.yarnpkg.com/extend/-/extend-3.0.1.tgz#a755ea7bc1adfcc5a31ce7e762dbaadc5e636444"

extsprintf@1.3.0:
  version "1.3.0"
  resolved "https://registry.yarnpkg.com/extsprintf/-/extsprintf-1.3.0.tgz#96918440e3041a7a414f8c52e3c574eb3c3e1e05"

extsprintf@^1.2.0:
  version "1.4.0"
  resolved "https://registry.yarnpkg.com/extsprintf/-/extsprintf-1.4.0.tgz#e2689f8f356fad62cca65a3a91c5df5f9551692f"

falafel@^2.1.0:
  version "2.1.0"
  resolved "https://registry.yarnpkg.com/falafel/-/falafel-2.1.0.tgz#96bb17761daba94f46d001738b3cedf3a67fe06c"
  dependencies:
    acorn "^5.0.0"
    foreach "^2.0.5"
    isarray "0.0.1"
    object-keys "^1.0.6"

fast-deep-equal@^1.0.0:
  version "1.1.0"
  resolved "https://registry.yarnpkg.com/fast-deep-equal/-/fast-deep-equal-1.1.0.tgz#c053477817c86b51daa853c81e059b733d023614"

fast-json-stable-stringify@^2.0.0:
  version "2.0.0"
  resolved "https://registry.yarnpkg.com/fast-json-stable-stringify/-/fast-json-stable-stringify-2.0.0.tgz#d5142c0caee6b1189f87d3a76111064f86c8bbf2"

file-type@^3.1.0:
  version "3.9.0"
  resolved "https://registry.yarnpkg.com/file-type/-/file-type-3.9.0.tgz#257a078384d1db8087bc449d107d52a52672b9e9"

follow-redirects@^1.2.5:
  version "1.4.1"
  resolved "https://registry.yarnpkg.com/follow-redirects/-/follow-redirects-1.4.1.tgz#d8120f4518190f55aac65bb6fc7b85fcd666d6aa"
  dependencies:
    debug "^3.1.0"

for-each@^0.3.2:
  version "0.3.2"
  resolved "https://registry.yarnpkg.com/for-each/-/for-each-0.3.2.tgz#2c40450b9348e97f281322593ba96704b9abd4d4"
  dependencies:
    is-function "~1.0.0"

foreach@^2.0.5:
  version "2.0.5"
  resolved "https://registry.yarnpkg.com/foreach/-/foreach-2.0.5.tgz#0bee005018aeb260d0a3af3ae658dd0136ec1b99"

forever-agent@~0.6.1:
  version "0.6.1"
  resolved "https://registry.yarnpkg.com/forever-agent/-/forever-agent-0.6.1.tgz#fbc71f0c41adeb37f96c577ad1ed42d8fdacca91"

form-data@~2.3.1:
  version "2.3.2"
  resolved "https://registry.yarnpkg.com/form-data/-/form-data-2.3.2.tgz#4970498be604c20c005d4f5c23aecd21d6b49099"
  dependencies:
    asynckit "^0.4.0"
    combined-stream "1.0.6"
    mime-types "^2.1.12"

function-bind@^1.0.2:
  version "1.1.1"
  resolved "https://registry.yarnpkg.com/function-bind/-/function-bind-1.1.1.tgz#a56899d3ea3c9bab874bb9773b7c5ede92f4895d"

getpass@^0.1.1:
  version "0.1.7"
  resolved "https://registry.yarnpkg.com/getpass/-/getpass-0.1.7.tgz#5eff8e3e684d569ae4cb2b1282604e8ba62149fa"
  dependencies:
    assert-plus "^1.0.0"

global@~4.3.0:
  version "4.3.2"
  resolved "https://registry.yarnpkg.com/global/-/global-4.3.2.tgz#e76989268a6c74c38908b1305b10fc0e394e9d0f"
  dependencies:
    min-document "^2.19.0"
    process "~0.5.1"

har-schema@^2.0.0:
  version "2.0.0"
  resolved "https://registry.yarnpkg.com/har-schema/-/har-schema-2.0.0.tgz#a94c2224ebcac04782a0d9035521f24735b7ec92"

har-validator@~5.0.3:
  version "5.0.3"
  resolved "https://registry.yarnpkg.com/har-validator/-/har-validator-5.0.3.tgz#ba402c266194f15956ef15e0fcf242993f6a7dfd"
  dependencies:
    ajv "^5.1.0"
    har-schema "^2.0.0"

has@^1.0.0:
  version "1.0.1"
  resolved "https://registry.yarnpkg.com/has/-/has-1.0.1.tgz#8461733f538b0837c9361e39a9ab9e9704dc2f28"
  dependencies:
    function-bind "^1.0.2"

hawk@~6.0.2:
  version "6.0.2"
  resolved "https://registry.yarnpkg.com/hawk/-/hawk-6.0.2.tgz#af4d914eb065f9b5ce4d9d11c1cb2126eecc3038"
  dependencies:
    boom "4.x.x"
    cryptiles "3.x.x"
    hoek "4.x.x"
    sntp "2.x.x"

hoek@4.x.x:
  version "4.2.1"
  resolved "https://registry.yarnpkg.com/hoek/-/hoek-4.2.1.tgz#9634502aa12c445dd5a7c5734b572bb8738aacbb"

http-signature@~1.2.0:
  version "1.2.0"
  resolved "https://registry.yarnpkg.com/http-signature/-/http-signature-1.2.0.tgz#9aecd925114772f3d95b65a60abb8f7c18fbace1"
  dependencies:
    assert-plus "^1.0.0"
    jsprim "^1.2.2"
    sshpk "^1.7.0"

inherits@^2.0.3, inherits@~2.0.1, inherits@~2.0.3:
  version "2.0.3"
  resolved "https://registry.yarnpkg.com/inherits/-/inherits-2.0.3.tgz#633c2c83e3da42a502f52466022480f4208261de"

iota-array@^1.0.0:
  version "1.0.0"
  resolved "https://registry.yarnpkg.com/iota-array/-/iota-array-1.0.0.tgz#81ef57fe5d05814cd58c2483632a99c30a0e8087"

ip-regex@^1.0.1:
  version "1.0.3"
  resolved "https://registry.yarnpkg.com/ip-regex/-/ip-regex-1.0.3.tgz#dc589076f659f419c222039a33316f1c7387effd"

is-buffer@^1.0.2, is-buffer@^1.1.5:
  version "1.1.6"
  resolved "https://registry.yarnpkg.com/is-buffer/-/is-buffer-1.1.6.tgz#efaa2ea9daa0d7ab2ea13a97b2b8ad51fefbe8be"

is-function@^1.0.1, is-function@~1.0.0:
  version "1.0.1"
  resolved "https://registry.yarnpkg.com/is-function/-/is-function-1.0.1.tgz#12cfb98b65b57dd3d193a3121f5f6e2f437602b5"

is-typedarray@~1.0.0:
  version "1.0.0"
  resolved "https://registry.yarnpkg.com/is-typedarray/-/is-typedarray-1.0.0.tgz#e479c80858df0c1b11ddda6940f96011fcda4a9a"

isarray@0.0.1:
  version "0.0.1"
  resolved "https://registry.yarnpkg.com/isarray/-/isarray-0.0.1.tgz#8a18acfca9a8f4177e09abfc6038939b05d1eedf"

isarray@~1.0.0:
  version "1.0.0"
  resolved "https://registry.yarnpkg.com/isarray/-/isarray-1.0.0.tgz#bb935d48582cba168c06834957a54a3e07124f11"

isstream@~0.1.2:
  version "0.1.2"
  resolved "https://registry.yarnpkg.com/isstream/-/isstream-0.1.2.tgz#47e63f7af55afa6f92e1500e690eb8b8529c099a"

j6@^1.0.2:
  version "1.0.2"
  resolved "https://registry.yarnpkg.com/j6/-/j6-1.0.2.tgz#48088acb1c66f610baf2e50b4028d0932f35ed89"
  dependencies:
    algebrite "^0.2.23"
    jStat "^1.5.2"
    lodash "^4.16.4"
    numeric "^1.2.6"

jStat@^1.5.2:
  version "1.7.1"
  resolved "https://registry.yarnpkg.com/jStat/-/jStat-1.7.1.tgz#e636dd87d72b305c060dfcc901de1732d15130c1"

jimp@^0.2.28:
  version "0.2.28"
  resolved "https://registry.yarnpkg.com/jimp/-/jimp-0.2.28.tgz#dd529a937190f42957a7937d1acc3a7762996ea2"
  dependencies:
    bignumber.js "^2.1.0"
    bmp-js "0.0.3"
    es6-promise "^3.0.2"
    exif-parser "^0.1.9"
    file-type "^3.1.0"
    jpeg-js "^0.2.0"
    load-bmfont "^1.2.3"
    mime "^1.3.4"
    mkdirp "0.5.1"
    pixelmatch "^4.0.0"
    pngjs "^3.0.0"
    read-chunk "^1.0.1"
    request "^2.65.0"
    stream-to-buffer "^0.1.0"
    tinycolor2 "^1.1.2"
    url-regex "^3.0.0"

jpeg-js@^0.2.0:
  version "0.2.0"
  resolved "https://registry.yarnpkg.com/jpeg-js/-/jpeg-js-0.2.0.tgz#53e448ec9d263e683266467e9442d2c5a2ef5482"

jsbn@~0.1.0:
  version "0.1.1"
  resolved "https://registry.yarnpkg.com/jsbn/-/jsbn-0.1.1.tgz#a5e654c2e5a2deb5f201d96cefbca80c0ef2f513"

json-schema-traverse@^0.3.0:
  version "0.3.1"
  resolved "https://registry.yarnpkg.com/json-schema-traverse/-/json-schema-traverse-0.3.1.tgz#349a6d44c53a51de89b40805c5d5e59b417d3340"

json-schema@0.2.3:
  version "0.2.3"
  resolved "https://registry.yarnpkg.com/json-schema/-/json-schema-0.2.3.tgz#b480c892e59a2f05954ce727bd3f2a4e882f9e13"

json-stringify-safe@~5.0.1:
  version "5.0.1"
  resolved "https://registry.yarnpkg.com/json-stringify-safe/-/json-stringify-safe-5.0.1.tgz#1296a2d58fd45f19a0f6ce01d65701e2c735b6eb"

jsprim@^1.2.2:
  version "1.4.1"
  resolved "https://registry.yarnpkg.com/jsprim/-/jsprim-1.4.1.tgz#313e66bc1e5cc06e438bc1b7499c2e5c56acb6a2"
  dependencies:
    assert-plus "1.0.0"
    extsprintf "1.3.0"
    json-schema "0.2.3"
    verror "1.10.0"

keras-js@^1.0.3:
  version "1.0.3"
  resolved "https://registry.yarnpkg.com/keras-js/-/keras-js-1.0.3.tgz#8cb479b8ab0d4780b063017a3ca09f132b0ce719"
  dependencies:
    "@babel/polyfill" "7.0.0-beta.39"
    axios "^0.17.1"
    bluebird "^3.5.1"
    cwise "^1.0.10"
    eventemitter3 "^3.0.1"
    lodash "^4.17.5"
    ndarray "^1.0.18"
    ndarray-blas-level2 "^1.1.0"
    ndarray-concat-rows "^1.0.1"
    ndarray-gemm "^1.0.0"
    ndarray-ops "^1.2.2"
    ndarray-resample "^1.0.1"
    ndarray-squeeze "^1.0.2"
    ndarray-tile "^1.0.3"
    ndarray-unpack "^1.0.0"
    ndarray-unsqueeze "^1.0.3"
    performance-now "^2.1.0"
    protobufjs "^6.8.4"

kind-of@^3.0.2:
  version "3.2.2"
  resolved "https://registry.yarnpkg.com/kind-of/-/kind-of-3.2.2.tgz#31ea21a734bab9bbb0f32466d893aea51e4a3c64"
  dependencies:
    is-buffer "^1.1.5"

lazy-cache@^1.0.3:
  version "1.0.4"
  resolved "https://registry.yarnpkg.com/lazy-cache/-/lazy-cache-1.0.4.tgz#a1d78fc3a50474cb80845d3b3b6e1da49a446e8e"

load-bmfont@^1.2.3:
  version "1.3.0"
  resolved "https://registry.yarnpkg.com/load-bmfont/-/load-bmfont-1.3.0.tgz#bb7e7c710de6bcafcb13cb3b8c81e0c0131ecbc9"
  dependencies:
    buffer-equal "0.0.1"
    mime "^1.3.4"
    parse-bmfont-ascii "^1.0.3"
    parse-bmfont-binary "^1.0.5"
    parse-bmfont-xml "^1.1.0"
    xhr "^2.0.1"
    xtend "^4.0.0"

lodash@^4.16.4, lodash@^4.17.5:
  version "4.17.5"
  resolved "https://registry.yarnpkg.com/lodash/-/lodash-4.17.5.tgz#99a92d65c0272debe8c96b6057bc8fbfa3bed511"

long@^4.0.0:
  version "4.0.0"
  resolved "https://registry.yarnpkg.com/long/-/long-4.0.0.tgz#9a7b71cfb7d361a194ea555241c92f7468d5bf28"

longest@^1.0.1:
  version "1.0.1"
  resolved "https://registry.yarnpkg.com/longest/-/longest-1.0.1.tgz#30a0b2da38f73770e8294a0d22e6625ed77d0097"

mime-db@~1.33.0:
  version "1.33.0"
  resolved "https://registry.yarnpkg.com/mime-db/-/mime-db-1.33.0.tgz#a3492050a5cb9b63450541e39d9788d2272783db"

mime-types@^2.1.12, mime-types@~2.1.17:
  version "2.1.18"
  resolved "https://registry.yarnpkg.com/mime-types/-/mime-types-2.1.18.tgz#6f323f60a83d11146f831ff11fd66e2fe5503bb8"
  dependencies:
    mime-db "~1.33.0"

mime@^1.3.4:
  version "1.6.0"
  resolved "https://registry.yarnpkg.com/mime/-/mime-1.6.0.tgz#32cd9e5c64553bd58d19a568af452acff04981b1"

min-document@^2.19.0:
  version "2.19.0"
  resolved "https://registry.yarnpkg.com/min-document/-/min-document-2.19.0.tgz#7bd282e3f5842ed295bb748cdd9f1ffa2c824685"
  dependencies:
    dom-walk "^0.1.0"

minimist@0.0.8:
  version "0.0.8"
  resolved "https://registry.yarnpkg.com/minimist/-/minimist-0.0.8.tgz#857fcabfc3397d2625b8228262e86aa7a011b05d"

mkdirp@0.5.1:
  version "0.5.1"
  resolved "https://registry.yarnpkg.com/mkdirp/-/mkdirp-0.5.1.tgz#30057438eac6cf7f8c4767f38648d6697d75c903"
  dependencies:
    minimist "0.0.8"

ms@2.0.0:
  version "2.0.0"
  resolved "https://registry.yarnpkg.com/ms/-/ms-2.0.0.tgz#5608aeadfc00be6c2901df5f9861788de0d597c8"

ndarray-blas-level1@^1.0.1:
  version "1.1.3"
  resolved "https://registry.yarnpkg.com/ndarray-blas-level1/-/ndarray-blas-level1-1.1.3.tgz#ec15cfaced81987d651a08b371ffb7bbddbd7982"

ndarray-blas-level2@^1.1.0:
  version "1.1.0"
  resolved "https://registry.yarnpkg.com/ndarray-blas-level2/-/ndarray-blas-level2-1.1.0.tgz#b3a6140b9a23fea3a0f8a13a925c29ccfeaace4c"
  dependencies:
    ndarray-blas-level1 "^1.0.1"

ndarray-concat-rows@^1.0.1:
  version "1.0.1"
  resolved "https://registry.yarnpkg.com/ndarray-concat-rows/-/ndarray-concat-rows-1.0.1.tgz#d7f8779265efc3a9a788bb14e297fa1e1f0217c3"
  dependencies:
    ndarray-ops "^1.2.2"
    ndarray-scratch "^1.2.0"
    util-extend "^1.0.1"

ndarray-fft@^1.0.0:
  version "1.0.3"
  resolved "https://registry.yarnpkg.com/ndarray-fft/-/ndarray-fft-1.0.3.tgz#dc5bba18e3ab82c997adbaebb78e79f82c93a22a"
  dependencies:
    bit-twiddle "^1.0.2"
    cwise "^1.0.4"
    ndarray "^1.0.15"
    ndarray-ops "^1.2.2"
    typedarray-pool "^1.0.0"

ndarray-gemm@^1.0.0:
  version "1.0.0"
  resolved "https://registry.yarnpkg.com/ndarray-gemm/-/ndarray-gemm-1.0.0.tgz#3ce59b31cf5e2243c865f06943f7b4714cfbb1ee"

ndarray-ops@^1.2.1, ndarray-ops@^1.2.2:
  version "1.2.2"
  resolved "https://registry.yarnpkg.com/ndarray-ops/-/ndarray-ops-1.2.2.tgz#59e88d2c32a7eebcb1bc690fae141579557a614e"
  dependencies:
    cwise-compiler "^1.0.0"

ndarray-resample@^1.0.1:
  version "1.0.1"
  resolved "https://registry.yarnpkg.com/ndarray-resample/-/ndarray-resample-1.0.1.tgz#42bb33f6a4b738c57ff73c60cc220d4cfc75821d"
  dependencies:
    cwise "^1.0.7"
    ndarray-fft "^1.0.0"
    ndarray-ops "^1.2.2"
    ndarray-scratch "^1.1.1"

ndarray-scratch@^1.1.1, ndarray-scratch@^1.2.0:
  version "1.2.0"
  resolved "https://registry.yarnpkg.com/ndarray-scratch/-/ndarray-scratch-1.2.0.tgz#6304636d62eba93db4727ac13c693341dba50e01"
  dependencies:
    ndarray "^1.0.14"
    ndarray-ops "^1.2.1"
    typedarray-pool "^1.0.2"

ndarray-squeeze@^1.0.2:
  version "1.0.2"
  resolved "https://registry.yarnpkg.com/ndarray-squeeze/-/ndarray-squeeze-1.0.2.tgz#7625c69c670cbf460792e8a011de8d047294d36c"
  dependencies:
    ndarray "^1.0.18"

ndarray-tile@^1.0.3:
  version "1.0.3"
  resolved "https://registry.yarnpkg.com/ndarray-tile/-/ndarray-tile-1.0.3.tgz#7a26e3946cf8df189ea935c7567981ecc6b820fa"
  dependencies:
    ndarray-ops "^1.2.2"
    ndarray-scratch "^1.2.0"

ndarray-unpack@^1.0.0:
  version "1.0.0"
  resolved "https://registry.yarnpkg.com/ndarray-unpack/-/ndarray-unpack-1.0.0.tgz#4b53c767300a5e3909b8b5225ab55c6e886d91dc"
  dependencies:
    cwise "^1.0.1"
    dup "^1.0.0"

ndarray-unsqueeze@^1.0.3:
  version "1.0.3"
  resolved "https://registry.yarnpkg.com/ndarray-unsqueeze/-/ndarray-unsqueeze-1.0.3.tgz#dc3a8da19c7b99eba41988036de5fcf293c8ab08"
  dependencies:
    ndarray "^1.0.18"

ndarray@^1.0.14, ndarray@^1.0.15, ndarray@^1.0.18:
  version "1.0.18"
  resolved "https://registry.yarnpkg.com/ndarray/-/ndarray-1.0.18.tgz#b60d3a73224ec555d0faa79711e502448fd3f793"
  dependencies:
    iota-array "^1.0.0"
    is-buffer "^1.0.2"

numeric@^1.2.6:
  version "1.2.6"
  resolved "https://registry.yarnpkg.com/numeric/-/numeric-1.2.6.tgz#765b02bef97988fcf880d4eb3f36b80fa31335aa"

oauth-sign@~0.8.2:
  version "0.8.2"
  resolved "https://registry.yarnpkg.com/oauth-sign/-/oauth-sign-0.8.2.tgz#46a6ab7f0aead8deae9ec0565780b7d4efeb9d43"

object-inspect@~0.4.0:
  version "0.4.0"
  resolved "https://registry.yarnpkg.com/object-inspect/-/object-inspect-0.4.0.tgz#f5157c116c1455b243b06ee97703392c5ad89fec"

object-keys@^1.0.6:
  version "1.0.11"
  resolved "https://registry.yarnpkg.com/object-keys/-/object-keys-1.0.11.tgz#c54601778ad560f1142ce0e01bcca8b56d13426d"

object-keys@~0.4.0:
  version "0.4.0"
  resolved "https://registry.yarnpkg.com/object-keys/-/object-keys-0.4.0.tgz#28a6aae7428dd2c3a92f3d95f21335dd204e0336"

parse-bmfont-ascii@^1.0.3:
  version "1.0.6"
  resolved "https://registry.yarnpkg.com/parse-bmfont-ascii/-/parse-bmfont-ascii-1.0.6.tgz#11ac3c3ff58f7c2020ab22769079108d4dfa0285"

parse-bmfont-binary@^1.0.5:
  version "1.0.6"
  resolved "https://registry.yarnpkg.com/parse-bmfont-binary/-/parse-bmfont-binary-1.0.6.tgz#d038b476d3e9dd9db1e11a0b0e53a22792b69006"

parse-bmfont-xml@^1.1.0:
  version "1.1.3"
  resolved "https://registry.yarnpkg.com/parse-bmfont-xml/-/parse-bmfont-xml-1.1.3.tgz#d6b66a371afd39c5007d9f0eeb262a4f2cce7b7c"
  dependencies:
    xml-parse-from-string "^1.0.0"
    xml2js "^0.4.5"

parse-headers@^2.0.0:
  version "2.0.1"
  resolved "https://registry.yarnpkg.com/parse-headers/-/parse-headers-2.0.1.tgz#6ae83a7aa25a9d9b700acc28698cd1f1ed7e9536"
  dependencies:
    for-each "^0.3.2"
    trim "0.0.1"

performance-now@^2.1.0:
  version "2.1.0"
  resolved "https://registry.yarnpkg.com/performance-now/-/performance-now-2.1.0.tgz#6309f4e0e5fa913ec1c69307ae364b4b377c9e7b"

pixelmatch@^4.0.0:
  version "4.0.2"
  resolved "https://registry.yarnpkg.com/pixelmatch/-/pixelmatch-4.0.2.tgz#8f47dcec5011b477b67db03c243bc1f3085e8854"
  dependencies:
    pngjs "^3.0.0"

pngjs@^3.0.0:
  version "3.3.2"
  resolved "https://registry.yarnpkg.com/pngjs/-/pngjs-3.3.2.tgz#097c3c2a75feb223eadddea6bc9f0050cf830bc3"

process-nextick-args@~2.0.0:
  version "2.0.0"
  resolved "https://registry.yarnpkg.com/process-nextick-args/-/process-nextick-args-2.0.0.tgz#a37d732f4271b4ab1ad070d35508e8290788ffaa"

process@~0.5.1:
  version "0.5.2"
  resolved "https://registry.yarnpkg.com/process/-/process-0.5.2.tgz#1638d8a8e34c2f440a91db95ab9aeb677fc185cf"

protobufjs@^6.8.4:
  version "6.8.6"
  resolved "https://registry.yarnpkg.com/protobufjs/-/protobufjs-6.8.6.tgz#ce3cf4fff9625b62966c455fc4c15e4331a11ca2"
  dependencies:
    "@protobufjs/aspromise" "^1.1.2"
    "@protobufjs/base64" "^1.1.2"
    "@protobufjs/codegen" "^2.0.4"
    "@protobufjs/eventemitter" "^1.1.0"
    "@protobufjs/fetch" "^1.1.0"
    "@protobufjs/float" "^1.0.2"
    "@protobufjs/inquire" "^1.1.0"
    "@protobufjs/path" "^1.1.2"
    "@protobufjs/pool" "^1.1.0"
    "@protobufjs/utf8" "^1.1.0"
    "@types/long" "^3.0.32"
    "@types/node" "^8.9.4"
    long "^4.0.0"

punycode@^1.4.1:
  version "1.4.1"
  resolved "https://registry.yarnpkg.com/punycode/-/punycode-1.4.1.tgz#c0d5a63b2718800ad8e1eb0fa5269c84dd41845e"

qs@~6.5.1:
  version "6.5.1"
  resolved "https://registry.yarnpkg.com/qs/-/qs-6.5.1.tgz#349cdf6eef89ec45c12d7d5eb3fc0c870343a6d8"

quote-stream@~0.0.0:
  version "0.0.0"
  resolved "https://registry.yarnpkg.com/quote-stream/-/quote-stream-0.0.0.tgz#cde29e94c409b16e19dc7098b89b6658f9721d3b"
  dependencies:
    minimist "0.0.8"
    through2 "~0.4.1"

read-chunk@^1.0.1:
  version "1.0.1"
  resolved "https://registry.yarnpkg.com/read-chunk/-/read-chunk-1.0.1.tgz#5f68cab307e663f19993527d9b589cace4661194"

readable-stream@^2.2.2:
  version "2.3.5"
  resolved "https://registry.yarnpkg.com/readable-stream/-/readable-stream-2.3.5.tgz#b4f85003a938cbb6ecbce2a124fb1012bd1a838d"
  dependencies:
    core-util-is "~1.0.0"
    inherits "~2.0.3"
    isarray "~1.0.0"
    process-nextick-args "~2.0.0"
    safe-buffer "~5.1.1"
    string_decoder "~1.0.3"
    util-deprecate "~1.0.1"

readable-stream@~1.0.17, readable-stream@~1.0.27-1:
  version "1.0.34"
  resolved "https://registry.yarnpkg.com/readable-stream/-/readable-stream-1.0.34.tgz#125820e34bc842d2f2aaafafe4c2916ee32c157c"
  dependencies:
    core-util-is "~1.0.0"
    inherits "~2.0.1"
    isarray "0.0.1"
    string_decoder "~0.10.x"

readable-stream@~1.1.9:
  version "1.1.14"
  resolved "https://registry.yarnpkg.com/readable-stream/-/readable-stream-1.1.14.tgz#7cf4c54ef648e3813084c636dd2079e166c081d9"
  dependencies:
    core-util-is "~1.0.0"
    inherits "~2.0.1"
    isarray "0.0.1"
    string_decoder "~0.10.x"

regenerator-runtime@^0.11.1:
  version "0.11.1"
  resolved "https://registry.yarnpkg.com/regenerator-runtime/-/regenerator-runtime-0.11.1.tgz#be05ad7f9bf7d22e056f9726cee5017fbf19e2e9"

repeat-string@^1.5.2:
  version "1.6.1"
  resolved "https://registry.yarnpkg.com/repeat-string/-/repeat-string-1.6.1.tgz#8dcae470e1c88abc2d600fff4a776286da75e637"

request@^2.65.0:
  version "2.83.0"
  resolved "https://registry.yarnpkg.com/request/-/request-2.83.0.tgz#ca0b65da02ed62935887808e6f510381034e3356"
  dependencies:
    aws-sign2 "~0.7.0"
    aws4 "^1.6.0"
    caseless "~0.12.0"
    combined-stream "~1.0.5"
    extend "~3.0.1"
    forever-agent "~0.6.1"
    form-data "~2.3.1"
    har-validator "~5.0.3"
    hawk "~6.0.2"
    http-signature "~1.2.0"
    is-typedarray "~1.0.0"
    isstream "~0.1.2"
    json-stringify-safe "~5.0.1"
    mime-types "~2.1.17"
    oauth-sign "~0.8.2"
    performance-now "^2.1.0"
    qs "~6.5.1"
    safe-buffer "^5.1.1"
    stringstream "~0.0.5"
    tough-cookie "~2.3.3"
    tunnel-agent "^0.6.0"
    uuid "^3.1.0"

right-align@^0.1.1:
  version "0.1.3"
  resolved "https://registry.yarnpkg.com/right-align/-/right-align-0.1.3.tgz#61339b722fe6a3515689210d24e14c96148613ef"
  dependencies:
    align-text "^0.1.1"

safe-buffer@^5.0.1, safe-buffer@^5.1.1, safe-buffer@~5.1.0, safe-buffer@~5.1.1:
  version "5.1.1"
  resolved "https://registry.yarnpkg.com/safe-buffer/-/safe-buffer-5.1.1.tgz#893312af69b2123def71f57889001671eeb2c853"

sax@>=0.6.0:
  version "1.2.4"
  resolved "https://registry.yarnpkg.com/sax/-/sax-1.2.4.tgz#2816234e2378bddc4e5354fab5caa895df7100d9"

seedrandom@~2.4.3:
  version "2.4.3"
  resolved "https://registry.yarnpkg.com/seedrandom/-/seedrandom-2.4.3.tgz#2438504dad33917314bff18ac4d794f16d6aaecc"

shallow-copy@~0.0.1:
  version "0.0.1"
  resolved "https://registry.yarnpkg.com/shallow-copy/-/shallow-copy-0.0.1.tgz#415f42702d73d810330292cc5ee86eae1a11a170"

sntp@2.x.x:
  version "2.1.0"
  resolved "https://registry.yarnpkg.com/sntp/-/sntp-2.1.0.tgz#2c6cec14fedc2222739caf9b5c3d85d1cc5a2cc8"
  dependencies:
    hoek "4.x.x"

"source-map@>= 0.1.2":
  version "0.7.2"
  resolved "https://registry.yarnpkg.com/source-map/-/source-map-0.7.2.tgz#115c3e891aaa9a484869fd2b89391a225feba344"

source-map@~0.1.33:
  version "0.1.43"
  resolved "https://registry.yarnpkg.com/source-map/-/source-map-0.1.43.tgz#c24bc146ca517c1471f5dacbe2571b2b7f9e3346"
  dependencies:
    amdefine ">=0.0.4"

source-map@~0.5.1:
  version "0.5.7"
  resolved "https://registry.yarnpkg.com/source-map/-/source-map-0.5.7.tgz#8a039d2d1021d22d1ea14c80d8ea468ba2ef3fcc"

sshpk@^1.7.0:
  version "1.13.1"
  resolved "https://registry.yarnpkg.com/sshpk/-/sshpk-1.13.1.tgz#512df6da6287144316dc4c18fe1cf1d940739be3"
  dependencies:
    asn1 "~0.2.3"
    assert-plus "^1.0.0"
    dashdash "^1.12.0"
    getpass "^0.1.1"
  optionalDependencies:
    bcrypt-pbkdf "^1.0.0"
    ecc-jsbn "~0.1.1"
    jsbn "~0.1.0"
    tweetnacl "~0.14.0"

static-eval@~0.2.0:
  version "0.2.4"
  resolved "https://registry.yarnpkg.com/static-eval/-/static-eval-0.2.4.tgz#b7d34d838937b969f9641ca07d48f8ede263ea7b"
  dependencies:
    escodegen "~0.0.24"

static-module@^1.0.0:
  version "1.5.0"
  resolved "https://registry.yarnpkg.com/static-module/-/static-module-1.5.0.tgz#27da9883c41a8cd09236f842f0c1ebc6edf63d86"
  dependencies:
    concat-stream "~1.6.0"
    duplexer2 "~0.0.2"
    escodegen "~1.3.2"
    falafel "^2.1.0"
    has "^1.0.0"
    object-inspect "~0.4.0"
    quote-stream "~0.0.0"
    readable-stream "~1.0.27-1"
    shallow-copy "~0.0.1"
    static-eval "~0.2.0"
    through2 "~0.4.1"

stream-to-buffer@^0.1.0:
  version "0.1.0"
  resolved "https://registry.yarnpkg.com/stream-to-buffer/-/stream-to-buffer-0.1.0.tgz#26799d903ab2025c9bd550ac47171b00f8dd80a9"
  dependencies:
    stream-to "~0.2.0"

stream-to@~0.2.0:
  version "0.2.2"
  resolved "https://registry.yarnpkg.com/stream-to/-/stream-to-0.2.2.tgz#84306098d85fdb990b9fa300b1b3ccf55e8ef01d"

string_decoder@~0.10.x:
  version "0.10.31"
  resolved "https://registry.yarnpkg.com/string_decoder/-/string_decoder-0.10.31.tgz#62e203bc41766c6c28c9fc84301dab1c5310fa94"

string_decoder@~1.0.3:
  version "1.0.3"
  resolved "https://registry.yarnpkg.com/string_decoder/-/string_decoder-1.0.3.tgz#0fc67d7c141825de94282dd536bec6b9bce860ab"
  dependencies:
    safe-buffer "~5.1.0"

stringstream@~0.0.5:
  version "0.0.5"
  resolved "https://registry.yarnpkg.com/stringstream/-/stringstream-0.0.5.tgz#4e484cd4de5a0bbbee18e46307710a8a81621878"

through2@~0.4.1:
  version "0.4.2"
  resolved "https://registry.yarnpkg.com/through2/-/through2-0.4.2.tgz#dbf5866031151ec8352bb6c4db64a2292a840b9b"
  dependencies:
    readable-stream "~1.0.17"
    xtend "~2.1.1"

tinycolor2@^1.1.2:
  version "1.4.1"
  resolved "https://registry.yarnpkg.com/tinycolor2/-/tinycolor2-1.4.1.tgz#f4fad333447bc0b07d4dc8e9209d8f39a8ac77e8"

tough-cookie@~2.3.3:
  version "2.3.4"
  resolved "https://registry.yarnpkg.com/tough-cookie/-/tough-cookie-2.3.4.tgz#ec60cee38ac675063ffc97a5c18970578ee83655"
  dependencies:
    punycode "^1.4.1"

trim@0.0.1:
  version "0.0.1"
  resolved "https://registry.yarnpkg.com/trim/-/trim-0.0.1.tgz#5858547f6b290757ee95cccc666fb50084c460dd"

tunnel-agent@^0.6.0:
  version "0.6.0"
  resolved "https://registry.yarnpkg.com/tunnel-agent/-/tunnel-agent-0.6.0.tgz#27a5dea06b36b04a0a9966774b290868f0fc40fd"
  dependencies:
    safe-buffer "^5.0.1"

tweetnacl@^0.14.3, tweetnacl@~0.14.0:
  version "0.14.5"
  resolved "https://registry.yarnpkg.com/tweetnacl/-/tweetnacl-0.14.5.tgz#5ae68177f192d4456269d108afa93ff8743f4f64"

typedarray-pool@^1.0.0, typedarray-pool@^1.0.2:
  version "1.1.0"
  resolved "https://registry.yarnpkg.com/typedarray-pool/-/typedarray-pool-1.1.0.tgz#d114f484801489f53ecab5e8088aa23044f498d9"
  dependencies:
    bit-twiddle "^1.0.0"
    dup "^1.0.0"

typedarray@^0.0.6:
  version "0.0.6"
  resolved "https://registry.yarnpkg.com/typedarray/-/typedarray-0.0.6.tgz#867ac74e3864187b1d3d47d996a78ec5c8830777"

uglify-js@^2.6.0:
  version "2.8.29"
  resolved "https://registry.yarnpkg.com/uglify-js/-/uglify-js-2.8.29.tgz#29c5733148057bb4e1f75df35b7a9cb72e6a59dd"
  dependencies:
    source-map "~0.5.1"
    yargs "~3.10.0"
  optionalDependencies:
    uglify-to-browserify "~1.0.0"

uglify-to-browserify@~1.0.0:
  version "1.0.2"
  resolved "https://registry.yarnpkg.com/uglify-to-browserify/-/uglify-to-browserify-1.0.2.tgz#6e0924d6bda6b5afe349e39a6d632850a0f882b7"

uniq@^1.0.0:
  version "1.0.1"
  resolved "https://registry.yarnpkg.com/uniq/-/uniq-1.0.1.tgz#b31c5ae8254844a3a8281541ce2b04b865a734ff"

url-regex@^3.0.0:
  version "3.2.0"
  resolved "https://registry.yarnpkg.com/url-regex/-/url-regex-3.2.0.tgz#dbad1e0c9e29e105dd0b1f09f6862f7fdb482724"
  dependencies:
    ip-regex "^1.0.1"

utf8@~2.1.2:
  version "2.1.2"
  resolved "https://registry.yarnpkg.com/utf8/-/utf8-2.1.2.tgz#1fa0d9270e9be850d9b05027f63519bf46457d96"

util-deprecate@~1.0.1:
  version "1.0.2"
  resolved "https://registry.yarnpkg.com/util-deprecate/-/util-deprecate-1.0.2.tgz#450d4dc9fa70de732762fbd2d4a28981419a0ccf"

util-extend@^1.0.1:
  version "1.0.3"
  resolved "https://registry.yarnpkg.com/util-extend/-/util-extend-1.0.3.tgz#a7c216d267545169637b3b6edc6ca9119e2ff93f"

uuid@^3.1.0:
  version "3.2.1"
  resolved "https://registry.yarnpkg.com/uuid/-/uuid-3.2.1.tgz#12c528bb9d58d0b9265d9a2f6f0fe8be17ff1f14"

verror@1.10.0:
  version "1.10.0"
  resolved "https://registry.yarnpkg.com/verror/-/verror-1.10.0.tgz#3a105ca17053af55d6e270c1f8288682e18da400"
  dependencies:
    assert-plus "^1.0.0"
    core-util-is "1.0.2"
    extsprintf "^1.2.0"

window-size@0.1.0:
  version "0.1.0"
  resolved "https://registry.yarnpkg.com/window-size/-/window-size-0.1.0.tgz#5438cd2ea93b202efa3a19fe8887aee7c94f9c9d"

wordwrap@0.0.2:
  version "0.0.2"
  resolved "https://registry.yarnpkg.com/wordwrap/-/wordwrap-0.0.2.tgz#b79669bb42ecb409f83d583cad52ca17eaa1643f"

xhr@^2.0.1:
  version "2.4.1"
  resolved "https://registry.yarnpkg.com/xhr/-/xhr-2.4.1.tgz#ba982cced205ae5eec387169ac9dc77ca4853d38"
  dependencies:
    global "~4.3.0"
    is-function "^1.0.1"
    parse-headers "^2.0.0"
    xtend "^4.0.0"

xml-parse-from-string@^1.0.0:
  version "1.0.1"
  resolved "https://registry.yarnpkg.com/xml-parse-from-string/-/xml-parse-from-string-1.0.1.tgz#a9029e929d3dbcded169f3c6e28238d95a5d5a28"

xml2js@^0.4.5:
  version "0.4.19"
  resolved "https://registry.yarnpkg.com/xml2js/-/xml2js-0.4.19.tgz#686c20f213209e94abf0d1bcf1efaa291c7827a7"
  dependencies:
    sax ">=0.6.0"
    xmlbuilder "~9.0.1"

xmlbuilder@~9.0.1:
  version "9.0.7"
  resolved "https://registry.yarnpkg.com/xmlbuilder/-/xmlbuilder-9.0.7.tgz#132ee63d2ec5565c557e20f4c22df9aca686b10d"

xtend@^4.0.0:
  version "4.0.1"
  resolved "https://registry.yarnpkg.com/xtend/-/xtend-4.0.1.tgz#a5c6d532be656e23db820efb943a1f04998d63af"

xtend@~2.1.1:
  version "2.1.2"
  resolved "https://registry.yarnpkg.com/xtend/-/xtend-2.1.2.tgz#6efecc2a4dad8e6962c4901b337ce7ba87b5d28b"
  dependencies:
    object-keys "~0.4.0"

yargs@~3.10.0:
  version "3.10.0"
  resolved "https://registry.yarnpkg.com/yargs/-/yargs-3.10.0.tgz#f7ee7bd857dd7c1d2d38c0e74efbd681d1431fd1"
  dependencies:
    camelcase "^1.0.2"
    cliui "^2.1.0"
    decamelize "^1.0.0"
    window-size "0.1.0"
